
Microsoft Visual Studio Solution File, Format Version 12.00
# Visual Studio Version 17
VisualStudioVersion = 17.0.31903.59
MinimumVisualStudioVersion = 10.0.40219.1
Project("{FAE04EC0-301F-11D3-BF4B-00C04F79EFBC}") = "CQRS.Core", "..\CQRS-ES\CQRS.Core\CQRS.Core.csproj", "{18A8D9B5-B3EA-4774-97DC-7A60F10C115B}"
EndProject
Project("{2150E333-8FDC-42A3-9474-1A3956D46DE8}") = "Post.Cmd", "Post.Cmd", "{628A6728-8FD2-2F2B-CBE6-CFCE3CD15DEA}"
EndProject
Project("{FAE04EC0-301F-11D3-BF4B-00C04F79EFBC}") = "Post.Cmd.Api", "Post.Cmd\Post.Cmd.Api\Post.Cmd.Api.csproj", "{58422384-D703-48C8-B78A-40772CE0BE6E}"
EndProject
Project("{FAE04EC0-301F-11D3-BF4B-00C04F79EFBC}") = "Post.Cmd.Domain", "Post.Cmd\Post.Cmd.Domain\Post.Cmd.Domain.csproj", "{85C20EA5-5C53-4BCE-B6CA-65CC38F38E2B}"
EndProject
Project("{FAE04EC0-301F-11D3-BF4B-00C04F79EFBC}") = "Post.Cmd.Infrastructure", "Post.Cmd\Post.Cmd.Infrastructure\Post.Cmd.Infrastructure.csproj", "{AC4748B2-57D4-4EE3-9C7A-F81C4ED5E327}"
EndProject
Project("{2150E333-8FDC-42A3-9474-1A3956D46DE8}") = "Post.Query", "Post.Query", "{0D502CB4-2678-4901-9B60-A74053C7BF91}"
EndProject
Project("{FAE04EC0-301F-11D3-BF4B-00C04F79EFBC}") = "Post.Query.Api", "Post.Query\Post.Query.Api\Post.Query.Api.csproj", "{730DA961-DA68-44F9-BD32-578AD4628AA2}"
EndProject
Project("{FAE04EC0-301F-11D3-BF4B-00C04F79EFBC}") = "Post.Query.Domain", "Post.Query\Post.Query.Domain\Post.Query.Domain.csproj", "{245600C2-D898-4782-A049-E884DFCF2EFD}"
EndProject
Project("{FAE04EC0-301F-11D3-BF4B-00C04F79EFBC}") = "Post.Query.Infrastucture", "Post.Query\Post.Query.Infrastucture\Post.Query.Infrastucture.csproj", "{3FA9DE92-D8BE-42EB-A8AC-F306892FDDAC}"
EndProject
Project("{FAE04EC0-301F-11D3-BF4B-00C04F79EFBC}") = "Post.Common", "Post.Common\Post.Common.csproj", "{C3FF8EB2-357E-4D40-BF67-89F987711FFC}"
EndProject
Global
	GlobalSection(SolutionConfigurationPlatforms) = preSolution
		Debug|Any CPU = Debug|Any CPU
		Debug|x64 = Debug|x64
		Debug|x86 = Debug|x86
		Release|Any CPU = Release|Any CPU
		Release|x64 = Release|x64
		Release|x86 = Release|x86
	EndGlobalSection
	GlobalSection(ProjectConfigurationPlatforms) = postSolution
		{18A8D9B5-B3EA-4774-97DC-7A60F10C115B}.Debug|Any CPU.ActiveCfg = Debug|Any CPU
		{18A8D9B5-B3EA-4774-97DC-7A60F10C115B}.Debug|Any CPU.Build.0 = Debug|Any CPU
		{18A8D9B5-B3EA-4774-97DC-7A60F10C115B}.Debug|x64.ActiveCfg = Debug|Any CPU
		{18A8D9B5-B3EA-4774-97DC-7A60F10C115B}.Debug|x64.Build.0 = Debug|Any CPU
		{18A8D9B5-B3EA-4774-97DC-7A60F10C115B}.Debug|x86.ActiveCfg = Debug|Any CPU
		{18A8D9B5-B3EA-4774-97DC-7A60F10C115B}.Debug|x86.Build.0 = Debug|Any CPU
		{18A8D9B5-B3EA-4774-97DC-7A60F10C115B}.Release|Any CPU.ActiveCfg = Release|Any CPU
		{18A8D9B5-B3EA-4774-97DC-7A60F10C115B}.Release|Any CPU.Build.0 = Release|Any CPU
		{18A8D9B5-B3EA-4774-97DC-7A60F10C115B}.Release|x64.ActiveCfg = Release|Any CPU
		{18A8D9B5-B3EA-4774-97DC-7A60F10C115B}.Release|x64.Build.0 = Release|Any CPU
		{18A8D9B5-B3EA-4774-97DC-7A60F10C115B}.Release|x86.ActiveCfg = Release|Any CPU
		{18A8D9B5-B3EA-4774-97DC-7A60F10C115B}.Release|x86.Build.0 = Release|Any CPU
		{58422384-D703-48C8-B78A-40772CE0BE6E}.Debug|Any CPU.ActiveCfg = Debug|Any CPU
		{58422384-D703-48C8-B78A-40772CE0BE6E}.Debug|Any CPU.Build.0 = Debug|Any CPU
		{58422384-D703-48C8-B78A-40772CE0BE6E}.Debug|x64.ActiveCfg = Debug|Any CPU
		{58422384-D703-48C8-B78A-40772CE0BE6E}.Debug|x64.Build.0 = Debug|Any CPU
		{58422384-D703-48C8-B78A-40772CE0BE6E}.Debug|x86.ActiveCfg = Debug|Any CPU
		{58422384-D703-48C8-B78A-40772CE0BE6E}.Debug|x86.Build.0 = Debug|Any CPU
		{58422384-D703-48C8-B78A-40772CE0BE6E}.Release|Any CPU.ActiveCfg = Release|Any CPU
		{58422384-D703-48C8-B78A-40772CE0BE6E}.Release|Any CPU.Build.0 = Release|Any CPU
		{58422384-D703-48C8-B78A-40772CE0BE6E}.Release|x64.ActiveCfg = Release|Any CPU
		{58422384-D703-48C8-B78A-40772CE0BE6E}.Release|x64.Build.0 = Release|Any CPU
		{58422384-D703-48C8-B78A-40772CE0BE6E}.Release|x86.ActiveCfg = Release|Any CPU
		{58422384-D703-48C8-B78A-40772CE0BE6E}.Release|x86.Build.0 = Release|Any CPU
		{85C20EA5-5C53-4BCE-B6CA-65CC38F38E2B}.Debug|Any CPU.ActiveCfg = Debug|Any CPU
		{85C20EA5-5C53-4BCE-B6CA-65CC38F38E2B}.Debug|Any CPU.Build.0 = Debug|Any CPU
		{85C20EA5-5C53-4BCE-B6CA-65CC38F38E2B}.Debug|x64.ActiveCfg = Debug|Any CPU
		{85C20EA5-5C53-4BCE-B6CA-65CC38F38E2B}.Debug|x64.Build.0 = Debug|Any CPU
		{85C20EA5-5C53-4BCE-B6CA-65CC38F38E2B}.Debug|x86.ActiveCfg = Debug|Any CPU
		{85C20EA5-5C53-4BCE-B6CA-65CC38F38E2B}.Debug|x86.Build.0 = Debug|Any CPU
		{85C20EA5-5C53-4BCE-B6CA-65CC38F38E2B}.Release|Any CPU.ActiveCfg = Release|Any CPU
		{85C20EA5-5C53-4BCE-B6CA-65CC38F38E2B}.Release|Any CPU.Build.0 = Release|Any CPU
		{85C20EA5-5C53-4BCE-B6CA-65CC38F38E2B}.Release|x64.ActiveCfg = Release|Any CPU
		{85C20EA5-5C53-4BCE-B6CA-65CC38F38E2B}.Release|x64.Build.0 = Release|Any CPU
		{85C20EA5-5C53-4BCE-B6CA-65CC38F38E2B}.Release|x86.ActiveCfg = Release|Any CPU
		{85C20EA5-5C53-4BCE-B6CA-65CC38F38E2B}.Release|x86.Build.0 = Release|Any CPU
		{AC4748B2-57D4-4EE3-9C7A-F81C4ED5E327}.Debug|Any CPU.ActiveCfg = Debug|Any CPU
		{AC4748B2-57D4-4EE3-9C7A-F81C4ED5E327}.Debug|Any CPU.Build.0 = Debug|Any CPU
		{AC4748B2-57D4-4EE3-9C7A-F81C4ED5E327}.Debug|x64.ActiveCfg = Debug|Any CPU
		{AC4748B2-57D4-4EE3-9C7A-F81C4ED5E327}.Debug|x64.Build.0 = Debug|Any CPU
		{AC4748B2-57D4-4EE3-9C7A-F81C4ED5E327}.Debug|x86.ActiveCfg = Debug|Any CPU
		{AC4748B2-57D4-4EE3-9C7A-F81C4ED5E327}.Debug|x86.Build.0 = Debug|Any CPU
		{AC4748B2-57D4-4EE3-9C7A-F81C4ED5E327}.Release|Any CPU.ActiveCfg = Release|Any CPU
		{AC4748B2-57D4-4EE3-9C7A-F81C4ED5E327}.Release|Any CPU.Build.0 = Release|Any CPU
		{AC4748B2-57D4-4EE3-9C7A-F81C4ED5E327}.Release|x64.ActiveCfg = Release|Any CPU
		{AC4748B2-57D4-4EE3-9C7A-F81C4ED5E327}.Release|x64.Build.0 = Release|Any CPU
		{AC4748B2-57D4-4EE3-9C7A-F81C4ED5E327}.Release|x86.ActiveCfg = Release|Any CPU
		{AC4748B2-57D4-4EE3-9C7A-F81C4ED5E327}.Release|x86.Build.0 = Release|Any CPU
		{730DA961-DA68-44F9-BD32-578AD4628AA2}.Debug|Any CPU.ActiveCfg = Debug|Any CPU
		{730DA961-DA68-44F9-BD32-578AD4628AA2}.Debug|Any CPU.Build.0 = Debug|Any CPU
		{730DA961-DA68-44F9-BD32-578AD4628AA2}.Debug|x64.ActiveCfg = Debug|Any CPU
		{730DA961-DA68-44F9-BD32-578AD4628AA2}.Debug|x64.Build.0 = Debug|Any CPU
		{730DA961-DA68-44F9-BD32-578AD4628AA2}.Debug|x86.ActiveCfg = Debug|Any CPU
		{730DA961-DA68-44F9-BD32-578AD4628AA2}.Debug|x86.Build.0 = Debug|Any CPU
		{730DA961-DA68-44F9-BD32-578AD4628AA2}.Release|Any CPU.ActiveCfg = Release|Any CPU
		{730DA961-DA68-44F9-BD32-578AD4628AA2}.Release|Any CPU.Build.0 = Release|Any CPU
		{730DA961-DA68-44F9-BD32-578AD4628AA2}.Release|x64.ActiveCfg = Release|Any CPU
		{730DA961-DA68-44F9-BD32-578AD4628AA2}.Release|x64.Build.0 = Release|Any CPU
		{730DA961-DA68-44F9-BD32-578AD4628AA2}.Release|x86.ActiveCfg = Release|Any CPU
		{730DA961-DA68-44F9-BD32-578AD4628AA2}.Release|x86.Build.0 = Release|Any CPU
		{245600C2-D898-4782-A049-E884DFCF2EFD}.Debug|Any CPU.ActiveCfg = Debug|Any CPU
		{245600C2-D898-4782-A049-E884DFCF2EFD}.Debug|Any CPU.Build.0 = Debug|Any CPU
		{245600C2-D898-4782-A049-E884DFCF2EFD}.Debug|x64.ActiveCfg = Debug|Any CPU
		{245600C2-D898-4782-A049-E884DFCF2EFD}.Debug|x64.Build.0 = Debug|Any CPU
		{245600C2-D898-4782-A049-E884DFCF2EFD}.Debug|x86.ActiveCfg = Debug|Any CPU
		{245600C2-D898-4782-A049-E884DFCF2EFD}.Debug|x86.Build.0 = Debug|Any CPU
		{245600C2-D898-4782-A049-E884DFCF2EFD}.Release|Any CPU.ActiveCfg = Release|Any CPU
		{245600C2-D898-4782-A049-E884DFCF2EFD}.Release|Any CPU.Build.0 = Release|Any CPU
		{245600C2-D898-4782-A049-E884DFCF2EFD}.Release|x64.ActiveCfg = Release|Any CPU
		{245600C2-D898-4782-A049-E884DFCF2EFD}.Release|x64.Build.0 = Release|Any CPU
		{245600C2-D898-4782-A049-E884DFCF2EFD}.Release|x86.ActiveCfg = Release|Any CPU
		{245600C2-D898-4782-A049-E884DFCF2EFD}.Release|x86.Build.0 = Release|Any CPU
		{3FA9DE92-D8BE-42EB-A8AC-F306892FDDAC}.Debug|Any CPU.ActiveCfg = Debug|Any CPU
		{3FA9DE92-D8BE-42EB-A8AC-F306892FDDAC}.Debug|Any CPU.Build.0 = Debug|Any CPU
		{3FA9DE92-D8BE-42EB-A8AC-F306892FDDAC}.Debug|x64.ActiveCfg = Debug|Any CPU
		{3FA9DE92-D8BE-42EB-A8AC-F306892FDDAC}.Debug|x64.Build.0 = Debug|Any CPU
		{3FA9DE92-D8BE-42EB-A8AC-F306892FDDAC}.Debug|x86.ActiveCfg = Debug|Any CPU
		{3FA9DE92-D8BE-42EB-A8AC-F306892FDDAC}.Debug|x86.Build.0 = Debug|Any CPU
		{3FA9DE92-D8BE-42EB-A8AC-F306892FDDAC}.Release|Any CPU.ActiveCfg = Release|Any CPU
		{3FA9DE92-D8BE-42EB-A8AC-F306892FDDAC}.Release|Any CPU.Build.0 = Release|Any CPU
		{3FA9DE92-D8BE-42EB-A8AC-F306892FDDAC}.Release|x64.ActiveCfg = Release|Any CPU
		{3FA9DE92-D8BE-42EB-A8AC-F306892FDDAC}.Release|x64.Build.0 = Release|Any CPU
		{3FA9DE92-D8BE-42EB-A8AC-F306892FDDAC}.Release|x86.ActiveCfg = Release|Any CPU
		{3FA9DE92-D8BE-42EB-A8AC-F306892FDDAC}.Release|x86.Build.0 = Release|Any CPU
		{C3FF8EB2-357E-4D40-BF67-89F987711FFC}.Debug|Any CPU.ActiveCfg = Debug|Any CPU
		{C3FF8EB2-357E-4D40-BF67-89F987711FFC}.Debug|Any CPU.Build.0 = Debug|Any CPU
		{C3FF8EB2-357E-4D40-BF67-89F987711FFC}.Debug|x64.ActiveCfg = Debug|Any CPU
		{C3FF8EB2-357E-4D40-BF67-89F987711FFC}.Debug|x64.Build.0 = Debug|Any CPU
		{C3FF8EB2-357E-4D40-BF67-89F987711FFC}.Debug|x86.ActiveCfg = Debug|Any CPU
		{C3FF8EB2-357E-4D40-BF67-89F987711FFC}.Debug|x86.Build.0 = Debug|Any CPU
		{C3FF8EB2-357E-4D40-BF67-89F987711FFC}.Release|Any CPU.ActiveCfg = Release|Any CPU
		{C3FF8EB2-357E-4D40-BF67-89F987711FFC}.Release|Any CPU.Build.0 = Release|Any CPU
		{C3FF8EB2-357E-4D40-BF67-89F987711FFC}.Release|x64.ActiveCfg = Release|Any CPU
		{C3FF8EB2-357E-4D40-BF67-89F987711FFC}.Release|x64.Build.0 = Release|Any CPU
		{C3FF8EB2-357E-4D40-BF67-89F987711FFC}.Release|x86.ActiveCfg = Release|Any CPU
		{C3FF8EB2-357E-4D40-BF67-89F987711FFC}.Release|x86.Build.0 = Release|Any CPU
	EndGlobalSection
	GlobalSection(SolutionProperties) = preSolution
		HideSolutionNode = FALSE
	EndGlobalSection
	GlobalSection(NestedProjects) = preSolution
		{58422384-D703-48C8-B78A-40772CE0BE6E} = {628A6728-8FD2-2F2B-CBE6-CFCE3CD15DEA}
		{85C20EA5-5C53-4BCE-B6CA-65CC38F38E2B} = {628A6728-8FD2-2F2B-CBE6-CFCE3CD15DEA}
		{AC4748B2-57D4-4EE3-9C7A-F81C4ED5E327} = {628A6728-8FD2-2F2B-CBE6-CFCE3CD15DEA}
		{730DA961-DA68-44F9-BD32-578AD4628AA2} = {0D502CB4-2678-4901-9B60-A74053C7BF91}
		{245600C2-D898-4782-A049-E884DFCF2EFD} = {0D502CB4-2678-4901-9B60-A74053C7BF91}
		{3FA9DE92-D8BE-42EB-A8AC-F306892FDDAC} = {0D502CB4-2678-4901-9B60-A74053C7BF91}
	EndGlobalSection
EndGlobal
